
Microsoft Visual Studio Solution File, Format Version 12.00
# Visual Studio Version 17
VisualStudioVersion = 17.14.36301.6 d17.14
MinimumVisualStudioVersion = 10.0.40219.1
Project("{FAE04EC0-301F-11D3-BF4B-00C04F79EFBC}") = "Modelos", "Modelos\Modelos.csproj", "{7BAD4987-287B-4025-9131-59B43A434EF4}"
EndProject
Project("{FAE04EC0-301F-11D3-BF4B-00C04F79EFBC}") = "Vistas", "Vistas\Vistas.csproj", "{4E25DF80-23A1-4C99-8052-ACFA19BE8221}"
EndProject
Global
	GlobalSection(SolutionConfigurationPlatforms) = preSolution
		Debug|Any CPU = Debug|Any CPU
		Release|Any CPU = Release|Any CPU
	EndGlobalSection
	GlobalSection(ProjectConfigurationPlatforms) = postSolution
		{7BAD4987-287B-4025-9131-59B43A434EF4}.Debug|Any CPU.ActiveCfg = Debug|Any CPU
		{7BAD4987-287B-4025-9131-59B43A434EF4}.Debug|Any CPU.Build.0 = Debug|Any CPU
		{7BAD4987-287B-4025-9131-59B43A434EF4}.Release|Any CPU.ActiveCfg = Release|Any CPU
		{7BAD4987-287B-4025-9131-59B43A434EF4}.Release|Any CPU.Build.0 = Release|Any CPU
		{4E25DF80-23A1-4C99-8052-ACFA19BE8221}.Debug|Any CPU.ActiveCfg = Debug|Any CPU
		{4E25DF80-23A1-4C99-8052-ACFA19BE8221}.Debug|Any CPU.Build.0 = Debug|Any CPU
		{4E25DF80-23A1-4C99-8052-ACFA19BE8221}.Release|Any CPU.ActiveCfg = Release|Any CPU
		{4E25DF80-23A1-4C99-8052-ACFA19BE8221}.Release|Any CPU.Build.0 = Release|Any CPU
	EndGlobalSection
	GlobalSection(SolutionProperties) = preSolution
		HideSolutionNode = FALSE
	EndGlobalSection
	GlobalSection(ExtensibilityGlobals) = postSolution
		SolutionGuid = {44E8310F-C546-49A4-93A9-9E519FE68EAA}
	EndGlobalSection
EndGlobal
